{
  "name": "toDo",
  "lockfileVersion": 2,
  "requires": true,
  "packages": {
    "": {
      "dependencies": {
        "chart.js": "^3.9.1",
        "chartjs": "^0.3.24",
        "noty": "^3.2.0-beta-deprecated"
      }
    },
    "node_modules/chart.js": {
      "version": "3.9.1",
      "resolved": "https://registry.npmjs.org/chart.js/-/chart.js-3.9.1.tgz",
      "integrity": "sha512-Ro2JbLmvg83gXF5F4sniaQ+lTbSv18E+TIf2cOeiH1Iqd2PGFOtem+DUufMZsCJwFE7ywPOpfXFBwRTGq7dh6w=="
    },
    "node_modules/chartjs": {
      "version": "0.3.24",
      "resolved": "https://registry.npmjs.org/chartjs/-/chartjs-0.3.24.tgz",
      "integrity": "sha512-h6G9qcDqmFYnSWqjWCzQMeOLiypS+pM6Fq2Rj7LPty8Kjx5yHonwwJ7oEHImZpQ2u9Pu36XGYfardvvBiQVrhg=="
    },
    "node_modules/noty": {
      "version": "3.2.0-beta-deprecated",
      "resolved": "https://registry.npmjs.org/noty/-/noty-3.2.0-beta-deprecated.tgz",
      "integrity": "sha512-ntRbHuQ9SnnnVFZm/oq5L1DBCaHQUvsU24AwZH3PGjAWx2YqR/IhOadMk11vmJovYiQo00oqTj6Hp+D6PGtmLA==",
      "deprecated": "no longer supported"
    }
  },
  "dependencies": {
    "chart.js": {
      "version": "3.9.1",
      "resolved": "https://registry.npmjs.org/chart.js/-/chart.js-3.9.1.tgz",
      "integrity": "sha512-Ro2JbLmvg83gXF5F4sniaQ+lTbSv18E+TIf2cOeiH1Iqd2PGFOtem+DUufMZsCJwFE7ywPOpfXFBwRTGq7dh6w=="
    },
    "chartjs": {
      "version": "0.3.24",
      "resolved": "https://registry.npmjs.org/chartjs/-/chartjs-0.3.24.tgz",
      "integrity": "sha512-h6G9qcDqmFYnSWqjWCzQMeOLiypS+pM6Fq2Rj7LPty8Kjx5yHonwwJ7oEHImZpQ2u9Pu36XGYfardvvBiQVrhg=="
    },
    "noty": {
      "version": "3.2.0-beta-deprecated",
      "resolved": "https://registry.npmjs.org/noty/-/noty-3.2.0-beta-deprecated.tgz",
      "integrity": "sha512-ntRbHuQ9SnnnVFZm/oq5L1DBCaHQUvsU24AwZH3PGjAWx2YqR/IhOadMk11vmJovYiQo00oqTj6Hp+D6PGtmLA=="
    }
  }
}
